// !$*UTF8*$!
{
	archiveVersion = 1;
	classes = {
	};
	objectVersion = 50;
	objects = {

/* Begin PBXBuildFile section */
		B6B0C22221EBF8F7003F7FEE /* connection_unix.cpp in Sources */ = {isa = PBXBuildFile; fileRef = B6B0C22021EBF8F7003F7FEE /* connection_unix.cpp */; };
		B6B0C22321EBF8F7003F7FEE /* rpc_connection.cpp in Sources */ = {isa = PBXBuildFile; fileRef = B6B0C22121EBF8F7003F7FEE /* rpc_connection.cpp */; };
		B6B0C22821EBF913003F7FEE /* CallbackTimer.cpp in Sources */ = {isa = PBXBuildFile; fileRef = B6B0C22421EBF913003F7FEE /* CallbackTimer.cpp */; };
		B6B0C22921EBF913003F7FEE /* DiscordClient.cpp in Sources */ = {isa = PBXBuildFile; fileRef = B6B0C22621EBF913003F7FEE /* DiscordClient.cpp */; };
		B6B0C22B21EC0221003F7FEE /* DiscordClient_mac.cpp in Sources */ = {isa = PBXBuildFile; fileRef = B6B0C22A21EC0221003F7FEE /* DiscordClient_mac.cpp */; };
		B6B0C22D21EC0819003F7FEE /* libcurl.tbd in Frameworks */ = {isa = PBXBuildFile; fileRef = B6B0C22C21EC0819003F7FEE /* libcurl.tbd */; };
		FA7455FE215E788C000F47D3 /* ESDLocalizer.cpp in Sources */ = {isa = PBXBuildFile; fileRef = FA7455FA215E788C000F47D3 /* ESDLocalizer.cpp */; };
		FA7455FF215E788C000F47D3 /* ESDUtilitiesMac.cpp in Sources */ = {isa = PBXBuildFile; fileRef = FA7455FC215E788C000F47D3 /* ESDUtilitiesMac.cpp */; };
		FA87319C2151321900B8F323 /* ESDConnectionManager.cpp in Sources */ = {isa = PBXBuildFile; fileRef = FA8731992151321900B8F323 /* ESDConnectionManager.cpp */; };
		FA87319F2151378300B8F323 /* MyStreamDeckPlugin.cpp in Sources */ = {isa = PBXBuildFile; fileRef = FA87319E2151378300B8F323 /* MyStreamDeckPlugin.cpp */; };
		FA8731A82152302900B8F323 /* CoreFoundation.framework in Frameworks */ = {isa = PBXBuildFile; fileRef = FA8731A72152302900B8F323 /* CoreFoundation.framework */; };
		FAE515DD215238E400FAF824 /* main.cpp in Sources */ = {isa = PBXBuildFile; fileRef = FAE515DC215238E400FAF824 /* main.cpp */; };
/* End PBXBuildFile section */

/* Begin PBXCopyFilesBuildPhase section */
		FABD3D162151193300D30B0C /* CopyFiles */ = {
			isa = PBXCopyFilesBuildPhase;
			buildActionMask = 2147483647;
			dstPath = /usr/share/man/man1/;
			dstSubfolderSpec = 0;
			files = (
			);
			runOnlyForDeploymentPostprocessing = 1;
		};
/* End PBXCopyFilesBuildPhase section */

/* Begin PBXFileReference section */
		B6B0C21E21EBF8F7003F7FEE /* connection.h */ = {isa = PBXFileReference; fileEncoding = 4; lastKnownFileType = sourcecode.c.h; name = connection.h; path = ../Discord/connection.h; sourceTree = "<group>"; };
		B6B0C21F21EBF8F7003F7FEE /* rpc_connection.h */ = {isa = PBXFileReference; fileEncoding = 4; lastKnownFileType = sourcecode.c.h; name = rpc_connection.h; path = ../Discord/rpc_connection.h; sourceTree = "<group>"; };
		B6B0C22021EBF8F7003F7FEE /* connection_unix.cpp */ = {isa = PBXFileReference; fileEncoding = 4; lastKnownFileType = sourcecode.cpp.cpp; name = connection_unix.cpp; path = ../Discord/connection_unix.cpp; sourceTree = "<group>"; };
		B6B0C22121EBF8F7003F7FEE /* rpc_connection.cpp */ = {isa = PBXFileReference; fileEncoding = 4; lastKnownFileType = sourcecode.cpp.cpp; name = rpc_connection.cpp; path = ../Discord/rpc_connection.cpp; sourceTree = "<group>"; };
		B6B0C22421EBF913003F7FEE /* CallbackTimer.cpp */ = {isa = PBXFileReference; fileEncoding = 4; lastKnownFileType = sourcecode.cpp.cpp; name = CallbackTimer.cpp; path = ../CallbackTimer.cpp; sourceTree = "<group>"; };
		B6B0C22521EBF913003F7FEE /* CallbackTimer.h */ = {isa = PBXFileReference; fileEncoding = 4; lastKnownFileType = sourcecode.c.h; name = CallbackTimer.h; path = ../CallbackTimer.h; sourceTree = "<group>"; };
		B6B0C22621EBF913003F7FEE /* DiscordClient.cpp */ = {isa = PBXFileReference; fileEncoding = 4; lastKnownFileType = sourcecode.cpp.cpp; name = DiscordClient.cpp; path = ../DiscordClient.cpp; sourceTree = "<group>"; };
		B6B0C22721EBF913003F7FEE /* DiscordClient.h */ = {isa = PBXFileReference; fileEncoding = 4; lastKnownFileType = sourcecode.c.h; name = DiscordClient.h; path = ../DiscordClient.h; sourceTree = "<group>"; };
		B6B0C22A21EC0221003F7FEE /* DiscordClient_mac.cpp */ = {isa = PBXFileReference; fileEncoding = 4; lastKnownFileType = sourcecode.cpp.cpp; path = DiscordClient_mac.cpp; sourceTree = "<group>"; };
		B6B0C22C21EC0819003F7FEE /* libcurl.tbd */ = {isa = PBXFileReference; lastKnownFileType = "sourcecode.text-based-dylib-definition"; name = libcurl.tbd; path = usr/lib/libcurl.tbd; sourceTree = SDKROOT; };
		FA7455FA215E788C000F47D3 /* ESDLocalizer.cpp */ = {isa = PBXFileReference; fileEncoding = 4; lastKnownFileType = sourcecode.cpp.cpp; path = ESDLocalizer.cpp; sourceTree = "<group>"; };
		FA7455FB215E788C000F47D3 /* ESDLocalizer.h */ = {isa = PBXFileReference; fileEncoding = 4; lastKnownFileType = sourcecode.c.h; path = ESDLocalizer.h; sourceTree = "<group>"; };
		FA7455FC215E788C000F47D3 /* ESDUtilitiesMac.cpp */ = {isa = PBXFileReference; fileEncoding = 4; lastKnownFileType = sourcecode.cpp.cpp; path = ESDUtilitiesMac.cpp; sourceTree = "<group>"; };
		FA7455FD215E788C000F47D3 /* ESDUtilities.h */ = {isa = PBXFileReference; fileEncoding = 4; lastKnownFileType = sourcecode.c.h; path = ESDUtilities.h; sourceTree = "<group>"; };
		FA8731992151321900B8F323 /* ESDConnectionManager.cpp */ = {isa = PBXFileReference; fileEncoding = 4; lastKnownFileType = sourcecode.cpp.cpp; path = ESDConnectionManager.cpp; sourceTree = "<group>"; };
		FA87319A2151321900B8F323 /* ESDConnectionManager.h */ = {isa = PBXFileReference; fileEncoding = 4; lastKnownFileType = sourcecode.c.h; path = ESDConnectionManager.h; sourceTree = "<group>"; };
		FA87319B2151321900B8F323 /* ESDBasePlugin.h */ = {isa = PBXFileReference; fileEncoding = 4; lastKnownFileType = sourcecode.c.h; path = ESDBasePlugin.h; sourceTree = "<group>"; };
		FA87319D2151378300B8F323 /* MyStreamDeckPlugin.h */ = {isa = PBXFileReference; fileEncoding = 4; lastKnownFileType = sourcecode.c.h; name = MyStreamDeckPlugin.h; path = ../MyStreamDeckPlugin.h; sourceTree = "<group>"; };
		FA87319E2151378300B8F323 /* MyStreamDeckPlugin.cpp */ = {isa = PBXFileReference; fileEncoding = 4; lastKnownFileType = sourcecode.cpp.cpp; name = MyStreamDeckPlugin.cpp; path = ../MyStreamDeckPlugin.cpp; sourceTree = "<group>"; };
		FA8731A02151397700B8F323 /* EPLJSONUtils.h */ = {isa = PBXFileReference; lastKnownFileType = sourcecode.c.h; path = EPLJSONUtils.h; sourceTree = "<group>"; };
		FA8731A72152302900B8F323 /* CoreFoundation.framework */ = {isa = PBXFileReference; lastKnownFileType = wrapper.framework; name = CoreFoundation.framework; path = System/Library/Frameworks/CoreFoundation.framework; sourceTree = SDKROOT; };
		FABD3D182151193300D30B0C /* sddiscord */ = {isa = PBXFileReference; explicitFileType = "compiled.mach-o.executable"; includeInIndex = 0; path = sddiscord; sourceTree = BUILT_PRODUCTS_DIR; };
		FAE515DC215238E400FAF824 /* main.cpp */ = {isa = PBXFileReference; fileEncoding = 4; lastKnownFileType = sourcecode.cpp.cpp; path = main.cpp; sourceTree = "<group>"; };
		FAF9B00721511B61007E00F8 /* pch.h */ = {isa = PBXFileReference; lastKnownFileType = sourcecode.c.h; path = pch.h; sourceTree = "<group>"; };
		FAF9B00E21511D3E007E00F8 /* ESDSDKDefines.h */ = {isa = PBXFileReference; fileEncoding = 4; lastKnownFileType = sourcecode.c.h; path = ESDSDKDefines.h; sourceTree = "<group>"; };
/* End PBXFileReference section */

/* Begin PBXFrameworksBuildPhase section */
		FABD3D152151193300D30B0C /* Frameworks */ = {
			isa = PBXFrameworksBuildPhase;
			buildActionMask = 2147483647;
			files = (
				B6B0C22D21EC0819003F7FEE /* libcurl.tbd in Frameworks */,
				FA8731A82152302900B8F323 /* CoreFoundation.framework in Frameworks */,
			);
			runOnlyForDeploymentPostprocessing = 0;
		};
/* End PBXFrameworksBuildPhase section */

/* Begin PBXGroup section */
		B6B0C21D21EBF8E0003F7FEE /* Discord */ = {
			isa = PBXGroup;
			children = (
				B6B0C22021EBF8F7003F7FEE /* connection_unix.cpp */,
				B6B0C21E21EBF8F7003F7FEE /* connection.h */,
				B6B0C22121EBF8F7003F7FEE /* rpc_connection.cpp */,
				B6B0C21F21EBF8F7003F7FEE /* rpc_connection.h */,
			);
			name = Discord;
			sourceTree = "<group>";
		};
		FA8731A62152302900B8F323 /* Frameworks */ = {
			isa = PBXGroup;
			children = (
				B6B0C22C21EC0819003F7FEE /* libcurl.tbd */,
				FA8731A72152302900B8F323 /* CoreFoundation.framework */,
			);
			name = Frameworks;
			sourceTree = "<group>";
		};
		FABD3D0F2151193300D30B0C = {
			isa = PBXGroup;
			children = (
				B6B0C22A21EC0221003F7FEE /* DiscordClient_mac.cpp */,
				B6B0C22421EBF913003F7FEE /* CallbackTimer.cpp */,
				B6B0C22521EBF913003F7FEE /* CallbackTimer.h */,
				B6B0C22621EBF913003F7FEE /* DiscordClient.cpp */,
				B6B0C22721EBF913003F7FEE /* DiscordClient.h */,
				B6B0C21D21EBF8E0003F7FEE /* Discord */,
				FAF9B00721511B61007E00F8 /* pch.h */,
				FA87319D2151378300B8F323 /* MyStreamDeckPlugin.h */,
				FA87319E2151378300B8F323 /* MyStreamDeckPlugin.cpp */,
				FAF9B00921511D3E007E00F8 /* Common */,
				FABD3D192151193300D30B0C /* Products */,
				FA8731A62152302900B8F323 /* Frameworks */,
			);
			sourceTree = "<group>";
		};
		FABD3D192151193300D30B0C /* Products */ = {
			isa = PBXGroup;
			children = (
				FABD3D182151193300D30B0C /* sddiscord */,
			);
			name = Products;
			sourceTree = "<group>";
		};
		FAF9B00921511D3E007E00F8 /* Common */ = {
			isa = PBXGroup;
			children = (
				FAE515DC215238E400FAF824 /* main.cpp */,
				FAF9B00E21511D3E007E00F8 /* ESDSDKDefines.h */,
				FA87319B2151321900B8F323 /* ESDBasePlugin.h */,
				FA87319A2151321900B8F323 /* ESDConnectionManager.h */,
				FA8731992151321900B8F323 /* ESDConnectionManager.cpp */,
				FA8731A02151397700B8F323 /* EPLJSONUtils.h */,
				FA7455FB215E788C000F47D3 /* ESDLocalizer.h */,
				FA7455FA215E788C000F47D3 /* ESDLocalizer.cpp */,
				FA7455FD215E788C000F47D3 /* ESDUtilities.h */,
				FA7455FC215E788C000F47D3 /* ESDUtilitiesMac.cpp */,
			);
			name = Common;
			path = ../Common;
			sourceTree = "<group>";
		};
/* End PBXGroup section */

/* Begin PBXNativeTarget section */
		FABD3D172151193300D30B0C /* sddiscord */ = {
			isa = PBXNativeTarget;
			buildConfigurationList = FABD3D1F2151193300D30B0C /* Build configuration list for PBXNativeTarget "sddiscord" */;
			buildPhases = (
				FABD3D142151193300D30B0C /* Sources */,
				FABD3D152151193300D30B0C /* Frameworks */,
				FABD3D162151193300D30B0C /* CopyFiles */,
			);
			buildRules = (
			);
			dependencies = (
			);
			name = sddiscord;
			productName = com.elgato.cpu;
			productReference = FABD3D182151193300D30B0C /* sddiscord */;
			productType = "com.apple.product-type.tool";
		};
/* End PBXNativeTarget section */

/* Begin PBXProject section */
		FABD3D102151193300D30B0C /* Project object */ = {
			isa = PBXProject;
			attributes = {
				LastUpgradeCheck = 1000;
				ORGANIZATIONNAME = "Elgato Systems";
				TargetAttributes = {
					FABD3D172151193300D30B0C = {
						CreatedOnToolsVersion = 10.0;
					};
				};
			};
			buildConfigurationList = FABD3D132151193300D30B0C /* Build configuration list for PBXProject "sddiscord" */;
			compatibilityVersion = "Xcode 9.3";
			developmentRegion = en;
			hasScannedForEncodings = 0;
			knownRegions = (
				en,
			);
			mainGroup = FABD3D0F2151193300D30B0C;
			productRefGroup = FABD3D192151193300D30B0C /* Products */;
			projectDirPath = "";
			projectRoot = "";
			targets = (
				FABD3D172151193300D30B0C /* sddiscord */,
			);
		};
/* End PBXProject section */

/* Begin PBXSourcesBuildPhase section */
		FABD3D142151193300D30B0C /* Sources */ = {
			isa = PBXSourcesBuildPhase;
			buildActionMask = 2147483647;
			files = (
				B6B0C22821EBF913003F7FEE /* CallbackTimer.cpp in Sources */,
				B6B0C22B21EC0221003F7FEE /* DiscordClient_mac.cpp in Sources */,
				FAE515DD215238E400FAF824 /* main.cpp in Sources */,
				B6B0C22321EBF8F7003F7FEE /* rpc_connection.cpp in Sources */,
				FA87319C2151321900B8F323 /* ESDConnectionManager.cpp in Sources */,
				FA7455FE215E788C000F47D3 /* ESDLocalizer.cpp in Sources */,
				FA87319F2151378300B8F323 /* MyStreamDeckPlugin.cpp in Sources */,
				FA7455FF215E788C000F47D3 /* ESDUtilitiesMac.cpp in Sources */,
				B6B0C22921EBF913003F7FEE /* DiscordClient.cpp in Sources */,
				B6B0C22221EBF8F7003F7FEE /* connection_unix.cpp in Sources */,
			);
			runOnlyForDeploymentPostprocessing = 0;
		};
/* End PBXSourcesBuildPhase section */

/* Begin XCBuildConfiguration section */
		FABD3D1D2151193300D30B0C /* Debug */ = {
			isa = XCBuildConfiguration;
			buildSettings = {
				ALWAYS_SEARCH_USER_PATHS = NO;
				CLANG_ANALYZER_NONNULL = YES;
				CLANG_ANALYZER_NUMBER_OBJECT_CONVERSION = YES_AGGRESSIVE;
				CLANG_CXX_LANGUAGE_STANDARD = "gnu++17";
				CLANG_CXX_LIBRARY = "libc++";
				CLANG_ENABLE_MODULES = YES;
				CLANG_ENABLE_OBJC_ARC = YES;
				CLANG_ENABLE_OBJC_WEAK = YES;
				CLANG_WARN_BLOCK_CAPTURE_AUTORELEASING = YES;
				CLANG_WARN_BOOL_CONVERSION = YES;
				CLANG_WARN_COMMA = YES;
				CLANG_WARN_CONSTANT_CONVERSION = YES;
				CLANG_WARN_DEPRECATED_OBJC_IMPLEMENTATIONS = YES;
				CLANG_WARN_DIRECT_OBJC_ISA_USAGE = YES_ERROR;
				CLANG_WARN_DOCUMENTATION_COMMENTS = NO;
				CLANG_WARN_EMPTY_BODY = YES;
				CLANG_WARN_ENUM_CONVERSION = YES;
				CLANG_WARN_INFINITE_RECURSION = YES;
				CLANG_WARN_INT_CONVERSION = YES;
				CLANG_WARN_NON_LITERAL_NULL_CONVERSION = YES;
				CLANG_WARN_OBJC_IMPLICIT_RETAIN_SELF = YES;
				CLANG_WARN_OBJC_LITERAL_CONVERSION = YES;
				CLANG_WARN_OBJC_ROOT_CLASS = YES_ERROR;
				CLANG_WARN_RANGE_LOOP_ANALYSIS = YES;
				CLANG_WARN_STRICT_PROTOTYPES = YES;
				CLANG_WARN_SUSPICIOUS_MOVE = YES;
				CLANG_WARN_UNGUARDED_AVAILABILITY = YES_AGGRESSIVE;
				CLANG_WARN_UNREACHABLE_CODE = YES;
				CLANG_WARN__DUPLICATE_METHOD_MATCH = YES;
				CODE_SIGN_IDENTITY = "-";
				COPY_PHASE_STRIP = NO;
				DEBUG_INFORMATION_FORMAT = dwarf;
				ENABLE_STRICT_OBJC_MSGSEND = YES;
				ENABLE_TESTABILITY = YES;
				GCC_C_LANGUAGE_STANDARD = gnu11;
				GCC_DYNAMIC_NO_PIC = NO;
				GCC_NO_COMMON_BLOCKS = YES;
				GCC_OPTIMIZATION_LEVEL = 0;
				GCC_PRECOMPILE_PREFIX_HEADER = YES;
				GCC_PREFIX_HEADER = pch.h;
				GCC_PREPROCESSOR_DEFINITIONS = (
					"DEBUG=1",
					"$(inherited)",
				);
				GCC_WARN_64_TO_32_BIT_CONVERSION = NO;
				GCC_WARN_ABOUT_RETURN_TYPE = YES_ERROR;
				GCC_WARN_UNDECLARED_SELECTOR = YES;
				GCC_WARN_UNINITIALIZED_AUTOS = YES_AGGRESSIVE;
				GCC_WARN_UNUSED_FUNCTION = YES;
				GCC_WARN_UNUSED_VARIABLE = YES;
				HEADER_SEARCH_PATHS = (
					"../Vendor/asio/**",
					"../Vendor/websocketpp/**",
					"../Vendor/json/**",
				);
				MACOSX_DEPLOYMENT_TARGET = 10.11;
				MTL_ENABLE_DEBUG_INFO = INCLUDE_SOURCE;
				MTL_FAST_MATH = YES;
				ONLY_ACTIVE_ARCH = YES;
				SDKROOT = macosx;
			};
			name = Debug;
		};
		FABD3D1E2151193300D30B0C /* Release */ = {
			isa = XCBuildConfiguration;
			buildSettings = {
				ALWAYS_SEARCH_USER_PATHS = NO;
				CLANG_ANALYZER_NONNULL = YES;
				CLANG_ANALYZER_NUMBER_OBJECT_CONVERSION = YES_AGGRESSIVE;
				CLANG_CXX_LANGUAGE_STANDARD = "gnu++17";
				CLANG_CXX_LIBRARY = "libc++";
				CLANG_ENABLE_MODULES = YES;
				CLANG_ENABLE_OBJC_ARC = YES;
				CLANG_ENABLE_OBJC_WEAK = YES;
				CLANG_WARN_BLOCK_CAPTURE_AUTORELEASING = YES;
				CLANG_WARN_BOOL_CONVERSION = YES;
				CLANG_WARN_COMMA = YES;
				CLANG_WARN_CONSTANT_CONVERSION = YES;
				CLANG_WARN_DEPRECATED_OBJC_IMPLEMENTATIONS = YES;
				CLANG_WARN_DIRECT_OBJC_ISA_USAGE = YES_ERROR;
				CLANG_WARN_DOCUMENTATION_COMMENTS = NO;
				CLANG_WARN_EMPTY_BODY = YES;
				CLANG_WARN_ENUM_CONVERSION = YES;
				CLANG_WARN_INFINITE_RECURSION = YES;
				CLANG_WARN_INT_CONVERSION = YES;
				CLANG_WARN_NON_LITERAL_NULL_CONVERSION = YES;
				CLANG_WARN_OBJC_IMPLICIT_RETAIN_SELF = YES;
				CLANG_WARN_OBJC_LITERAL_CONVERSION = YES;
				CLANG_WARN_OBJC_ROOT_CLASS = YES_ERROR;
				CLANG_WARN_RANGE_LOOP_ANALYSIS = YES;
				CLANG_WARN_STRICT_PROTOTYPES = YES;
				CLANG_WARN_SUSPICIOUS_MOVE = YES;
				CLANG_WARN_UNGUARDED_AVAILABILITY = YES_AGGRESSIVE;
				CLANG_WARN_UNREACHABLE_CODE = YES;
				CLANG_WARN__DUPLICATE_METHOD_MATCH = YES;
				CODE_SIGN_IDENTITY = "-";
				COPY_PHASE_STRIP = NO;
				DEBUG_INFORMATION_FORMAT = "dwarf-with-dsym";
				ENABLE_NS_ASSERTIONS = NO;
				ENABLE_STRICT_OBJC_MSGSEND = YES;
				GCC_C_LANGUAGE_STANDARD = gnu11;
				GCC_NO_COMMON_BLOCKS = YES;
				GCC_PRECOMPILE_PREFIX_HEADER = YES;
				GCC_PREFIX_HEADER = pch.h;
				GCC_WARN_64_TO_32_BIT_CONVERSION = NO;
				GCC_WARN_ABOUT_RETURN_TYPE = YES_ERROR;
				GCC_WARN_UNDECLARED_SELECTOR = YES;
				GCC_WARN_UNINITIALIZED_AUTOS = YES_AGGRESSIVE;
				GCC_WARN_UNUSED_FUNCTION = YES;
				GCC_WARN_UNUSED_VARIABLE = YES;
				HEADER_SEARCH_PATHS = (
					"../Vendor/asio/**",
					"../Vendor/websocketpp/**",
					"../Vendor/json/**",
				);
				MACOSX_DEPLOYMENT_TARGET = 10.11;
				MTL_ENABLE_DEBUG_INFO = NO;
				MTL_FAST_MATH = YES;
				SDKROOT = macosx;
			};
			name = Release;
		};
		FABD3D202151193300D30B0C /* Debug */ = {
			isa = XCBuildConfiguration;
			buildSettings = {
				CODE_SIGN_STYLE = Automatic;
				PRODUCT_NAME = "$(TARGET_NAME)";
			};
			name = Debug;
		};
		FABD3D212151193300D30B0C /* Release */ = {
			isa = XCBuildConfiguration;
			buildSettings = {
				CODE_SIGN_STYLE = Automatic;
				PRODUCT_NAME = "$(TARGET_NAME)";
			};
			name = Release;
		};
/* End XCBuildConfiguration section */

/* Begin XCConfigurationList section */
		FABD3D132151193300D30B0C /* Build configuration list for PBXProject "sddiscord" */ = {
			isa = XCConfigurationList;
			buildConfigurations = (
				FABD3D1D2151193300D30B0C /* Debug */,
				FABD3D1E2151193300D30B0C /* Release */,
			);
			defaultConfigurationIsVisible = 0;
			defaultConfigurationName = Release;
		};
		FABD3D1F2151193300D30B0C /* Build configuration list for PBXNativeTarget "sddiscord" */ = {
			isa = XCConfigurationList;
			buildConfigurations = (
				FABD3D202151193300D30B0C /* Debug */,
				FABD3D212151193300D30B0C /* Release */,
			);
			defaultConfigurationIsVisible = 0;
			defaultConfigurationName = Release;
		};
/* End XCConfigurationList section */
	};
	rootObject = FABD3D102151193300D30B0C /* Project object */;
}
